{
  "name": "hktoan.ml 2.0",
  "lockfileVersion": 2,
  "requires": true,
  "packages": {
    "": {
      "dependencies": {
        "twitch-stream-embed": "^1.0.5"
      }
    },
    "node_modules/twitch-stream-embed": {
      "version": "1.0.5",
      "resolved": "https://registry.npmjs.org/twitch-stream-embed/-/twitch-stream-embed-1.0.5.tgz",
      "integrity": "sha512-Iao4fdjqEEaBBcsjiH/ySIFsd61R5d8MClbd14xy9wQ8BivES+oPdPgzYZrqENLSVp0GaiyJU/5h2VFN8TBM4w=="
    }
  },
  "dependencies": {
    "twitch-stream-embed": {
      "version": "1.0.5",
      "resolved": "https://registry.npmjs.org/twitch-stream-embed/-/twitch-stream-embed-1.0.5.tgz",
      "integrity": "sha512-Iao4fdjqEEaBBcsjiH/ySIFsd61R5d8MClbd14xy9wQ8BivES+oPdPgzYZrqENLSVp0GaiyJU/5h2VFN8TBM4w=="
    }
  }
}
